
Microsoft Visual Studio Solution File, Format Version 12.00
# Visual Studio 15
VisualStudioVersion = 15.0.27428.2037
MinimumVisualStudioVersion = 10.0.40219.1
Project("{FAE04EC0-301F-11D3-BF4B-00C04F79EFBC}") = "Harmonizer.UI", "Harmonizer.UI\Harmonizer.UI.csproj", "{38D088FC-61F2-4A31-8449-CE69564F15C5}"
EndProject
Project("{FAE04EC0-301F-11D3-BF4B-00C04F79EFBC}") = "Harmonizer.UI.Tests", "Harmonizer.UI.Tests\Harmonizer.UI.Tests.csproj", "{8BE4C12D-09CE-4A01-9E43-96D19ED24892}"
EndProject
Project("{FAE04EC0-301F-11D3-BF4B-00C04F79EFBC}") = "Harmonizer.DB", "Harmonizer.DB\Harmonizer.DB.csproj", "{4D1930BC-85E5-455D-BF8F-C60184D2BC19}"
EndProject
Project("{FAE04EC0-301F-11D3-BF4B-00C04F79EFBC}") = "Harmonizer.Core", "Harmonizer.Core\Harmonizer.Core.csproj", "{E050EEC7-8AEB-429B-9669-B61409D4E307}"
EndProject
Project("{FAE04EC0-301F-11D3-BF4B-00C04F79EFBC}") = "Harmonizer.API", "Harmonizer.API\Harmonizer.API.csproj", "{DFE651FA-E1FB-4565-BB7B-D6A878A8A157}"
EndProject
Global
	GlobalSection(SolutionConfigurationPlatforms) = preSolution
		Debug|Any CPU = Debug|Any CPU
		Release|Any CPU = Release|Any CPU
	EndGlobalSection
	GlobalSection(ProjectConfigurationPlatforms) = postSolution
		{38D088FC-61F2-4A31-8449-CE69564F15C5}.Debug|Any CPU.ActiveCfg = Debug|Any CPU
		{38D088FC-61F2-4A31-8449-CE69564F15C5}.Debug|Any CPU.Build.0 = Debug|Any CPU
		{38D088FC-61F2-4A31-8449-CE69564F15C5}.Release|Any CPU.ActiveCfg = Release|Any CPU
		{38D088FC-61F2-4A31-8449-CE69564F15C5}.Release|Any CPU.Build.0 = Release|Any CPU
		{8BE4C12D-09CE-4A01-9E43-96D19ED24892}.Debug|Any CPU.ActiveCfg = Debug|Any CPU
		{8BE4C12D-09CE-4A01-9E43-96D19ED24892}.Debug|Any CPU.Build.0 = Debug|Any CPU
		{8BE4C12D-09CE-4A01-9E43-96D19ED24892}.Release|Any CPU.ActiveCfg = Release|Any CPU
		{8BE4C12D-09CE-4A01-9E43-96D19ED24892}.Release|Any CPU.Build.0 = Release|Any CPU
		{4D1930BC-85E5-455D-BF8F-C60184D2BC19}.Debug|Any CPU.ActiveCfg = Debug|Any CPU
		{4D1930BC-85E5-455D-BF8F-C60184D2BC19}.Debug|Any CPU.Build.0 = Debug|Any CPU
		{4D1930BC-85E5-455D-BF8F-C60184D2BC19}.Release|Any CPU.ActiveCfg = Release|Any CPU
		{4D1930BC-85E5-455D-BF8F-C60184D2BC19}.Release|Any CPU.Build.0 = Release|Any CPU
		{E050EEC7-8AEB-429B-9669-B61409D4E307}.Debug|Any CPU.ActiveCfg = Debug|Any CPU
		{E050EEC7-8AEB-429B-9669-B61409D4E307}.Debug|Any CPU.Build.0 = Debug|Any CPU
		{E050EEC7-8AEB-429B-9669-B61409D4E307}.Release|Any CPU.ActiveCfg = Release|Any CPU
		{E050EEC7-8AEB-429B-9669-B61409D4E307}.Release|Any CPU.Build.0 = Release|Any CPU
		{DFE651FA-E1FB-4565-BB7B-D6A878A8A157}.Debug|Any CPU.ActiveCfg = Debug|Any CPU
		{DFE651FA-E1FB-4565-BB7B-D6A878A8A157}.Debug|Any CPU.Build.0 = Debug|Any CPU
		{DFE651FA-E1FB-4565-BB7B-D6A878A8A157}.Release|Any CPU.ActiveCfg = Release|Any CPU
		{DFE651FA-E1FB-4565-BB7B-D6A878A8A157}.Release|Any CPU.Build.0 = Release|Any CPU
	EndGlobalSection
	GlobalSection(SolutionProperties) = preSolution
		HideSolutionNode = FALSE
	EndGlobalSection
	GlobalSection(ExtensibilityGlobals) = postSolution
		SolutionGuid = {18FE43CE-D5A9-419B-B627-9DEF43BA3749}
	EndGlobalSection
EndGlobal
